<?xml version="1.0" encoding="utf-8"?>
<Project ToolsVersion="4.0" xmlns="http://schemas.microsoft.com/developer/msbuild/2003">
  <ItemGroup>
    <Filter Include="소스 파일">
      <UniqueIdentifier>{4FC737F1-C7A5-4376-A066-2A32D752A2FF}</UniqueIdentifier>
      <Extensions>cpp;c;cc;cxx;def;odl;idl;hpj;bat;asm;asmx</Extensions>
    </Filter>
    <Filter Include="헤더 파일">
      <UniqueIdentifier>{93995380-89BD-4b04-88EB-625FBE52EBFB}</UniqueIdentifier>
      <Extensions>h;hh;hpp;hxx;hm;inl;inc;ipp;xsd</Extensions>
    </Filter>
    <Filter Include="리소스 파일">
      <UniqueIdentifier>{67DA6AB6-F800-4c08-8B7A-83BB121AAD01}</UniqueIdentifier>
      <Extensions>rc;ico;cur;bmp;dlg;rc2;rct;bin;rgs;gif;jpg;jpeg;jpe;resx;tiff;tif;png;wav;mfcribbon-ms</Extensions>
    </Filter>
    <Filter Include="plugin">
      <UniqueIdentifier>{09860b5e-93ea-4e04-9d36-343c82620fa4}</UniqueIdentifier>
    </Filter>
    <Filter Include="utils">
      <UniqueIdentifier>{527f5830-dfaa-415d-8cab-774b1f3c0833}</UniqueIdentifier>
    </Filter>
    <Filter Include="model">
      <UniqueIdentifier>{e8698f84-b8d6-489e-b41f-74188eab1677}</UniqueIdentifier>
    </Filter>
  </ItemGroup>
  <ItemGroup>
    <ClInclude Include="preprocess.hpp">
      <Filter>plugin</Filter>
    </ClInclude>
    <ClInclude Include="detr.hpp">
      <Filter>model</Filter>
    </ClInclude>
    <ClInclude Include="trt_dll.h">
      <Filter>utils</Filter>
    </ClInclude>
    <ClInclude Include="trt_dll.hpp">
      <Filter>utils</Filter>
    </ClInclude>
    <ClInclude Include="logging.hpp">
      <Filter>utils</Filter>
    </ClInclude>
    <ClInclude Include="pch.h">
      <Filter>헤더 파일</Filter>
    </ClInclude>
    <ClInclude Include="framework.h">
      <Filter>헤더 파일</Filter>
    </ClInclude>
  </ItemGroup>
  <ItemGroup>
    <ClCompile Include="detr.cpp">
      <Filter>model</Filter>
    </ClCompile>
    <ClCompile Include="trt_dll.cpp">
      <Filter>utils</Filter>
    </ClCompile>
    <ClCompile Include="dllmain.cpp">
      <Filter>소스 파일</Filter>
    </ClCompile>
  </ItemGroup>
  <ItemGroup>
    <CudaCompile Include="preprocess.cu">
      <Filter>plugin</Filter>
    </CudaCompile>
  </ItemGroup>
</Project>